# This file is automatically @generated by Cargo.
# It is not intended for manual editing.
version = 3

[[package]]
name = "gallagher-rfid-acr122u"
version = "0.1.0"
dependencies = [
 "gallagher-rfid-core",
]

[[package]]
name = "gallagher-rfid-cli"
version = "0.1.0"
dependencies = [
 "gallagher-rfid-acr122u",
]

[[package]]
name = "gallagher-rfid-core"
version = "0.1.0"
